// !$*UTF8*$!
{
	archiveVersion = 1;
	classes = {
	};
	objectVersion = 48;
	objects = {

/* Begin PBXBuildFile section */
		9925CF341FB30AA5004677EA /* AppDelegate.swift in Sources */ = {isa = PBXBuildFile; fileRef = 9925CF331FB30AA5004677EA /* AppDelegate.swift */; };
		9925CF361FB30AA5004677EA /* ViewController.swift in Sources */ = {isa = PBXBuildFile; fileRef = 9925CF351FB30AA5004677EA /* ViewController.swift */; };
		9925CF391FB30AA5004677EA /* Main.storyboard in Resources */ = {isa = PBXBuildFile; fileRef = 9925CF371FB30AA5004677EA /* Main.storyboard */; };
		9925CF3B1FB30AA5004677EA /* Assets.xcassets in Resources */ = {isa = PBXBuildFile; fileRef = 9925CF3A1FB30AA5004677EA /* Assets.xcassets */; };
		9925CF3E1FB30AA5004677EA /* LaunchScreen.storyboard in Resources */ = {isa = PBXBuildFile; fileRef = 9925CF3C1FB30AA5004677EA /* LaunchScreen.storyboard */; };
/* End PBXBuildFile section */

/* Begin PBXFileReference section */
		9925CF301FB30AA5004677EA /* QYSwiftTools.app */ = {isa = PBXFileReference; explicitFileType = wrapper.application; includeInIndex = 0; path = QYSwiftTools.app; sourceTree = BUILT_PRODUCTS_DIR; };
		9925CF331FB30AA5004677EA /* AppDelegate.swift */ = {isa = PBXFileReference; lastKnownFileType = sourcecode.swift; path = AppDelegate.swift; sourceTree = "<group>"; };
		9925CF351FB30AA5004677EA /* ViewController.swift */ = {isa = PBXFileReference; lastKnownFileType = sourcecode.swift; path = ViewController.swift; sourceTree = "<group>"; };
		9925CF381FB30AA5004677EA /* Base */ = {isa = PBXFileReference; lastKnownFileType = file.storyboard; name = Base; path = Base.lproj/Main.storyboard; sourceTree = "<group>"; };
		9925CF3A1FB30AA5004677EA /* Assets.xcassets */ = {isa = PBXFileReference; lastKnownFileType = folder.assetcatalog; path = Assets.xcassets; sourceTree = "<group>"; };
		9925CF3D1FB30AA5004677EA /* Base */ = {isa = PBXFileReference; lastKnownFileType = file.storyboard; name = Base; path = Base.lproj/LaunchScreen.storyboard; sourceTree = "<group>"; };
		9925CF3F1FB30AA5004677EA /* Info.plist */ = {isa = PBXFileReference; lastKnownFileType = text.plist.xml; path = Info.plist; sourceTree = "<group>"; };
/* End PBXFileReference section */

/* Begin PBXFrameworksBuildPhase section */
		9925CF2D1FB30AA5004677EA /* Frameworks */ = {
			isa = PBXFrameworksBuildPhase;
			buildActionMask = 2147483647;
			files = (
			);
			runOnlyForDeploymentPostprocessing = 0;
		};
/* End PBXFrameworksBuildPhase section */

/* Begin PBXGroup section */
		9925CF271FB30AA5004677EA = {
			isa = PBXGroup;
			children = (
				9925CF321FB30AA5004677EA /* QYSwiftTools */,
				9925CF311FB30AA5004677EA /* Products */,
			);
			sourceTree = "<group>";
		};
		9925CF311FB30AA5004677EA /* Products */ = {
			isa = PBXGroup;
			children = (
				9925CF301FB30AA5004677EA /* QYSwiftTools.app */,
			);
			name = Products;
			sourceTree = "<group>";
		};
		9925CF321FB30AA5004677EA /* QYSwiftTools */ = {
			isa = PBXGroup;
			children = (
				9925CF331FB30AA5004677EA /* AppDelegate.swift */,
				9925CF351FB30AA5004677EA /* ViewController.swift */,
				9925CF371FB30AA5004677EA /* Main.storyboard */,
				9925CF3A1FB30AA5004677EA /* Assets.xcassets */,
				9925CF3C1FB30AA5004677EA /* LaunchScreen.storyboard */,
				9925CF3F1FB30AA5004677EA /* Info.plist */,
			);
			path = QYSwiftTools;
			sourceTree = "<group>";
		};
/* End PBXGroup section */

/* Begin PBXNativeTarget section */
		9925CF2F1FB30AA5004677EA /* QYSwiftTools */ = {
			isa = PBXNativeTarget;
			buildConfigurationList = 9925CF421FB30AA5004677EA /* Build configuration list for PBXNativeTarget "QYSwiftTools" */;
			buildPhases = (
				9925CF2C1FB30AA5004677EA /* Sources */,
				9925CF2D1FB30AA5004677EA /* Frameworks */,
				9925CF2E1FB30AA5004677EA /* Resources */,
			);
			buildRules = (
			);
			dependencies = (
			);
			name = QYSwiftTools;
			productName = QYSwiftTools;
			productReference = 9925CF301FB30AA5004677EA /* QYSwiftTools.app */;
			productType = "com.apple.product-type.application";
		};
/* End PBXNativeTarget section */

/* Begin PBXProject section */
		9925CF281FB30AA5004677EA /* Project object */ = {
			isa = PBXProject;
			attributes = {
				LastSwiftUpdateCheck = 0900;
				LastUpgradeCheck = 0900;
				ORGANIZATIONNAME = EricZhang;
				TargetAttributes = {
					9925CF2F1FB30AA5004677EA = {
						CreatedOnToolsVersion = 9.0.1;
						ProvisioningStyle = Automatic;
					};
				};
			};
			buildConfigurationList = 9925CF2B1FB30AA5004677EA /* Build configuration list for PBXProject "QYSwiftTools" */;
			compatibilityVersion = "Xcode 8.0";
			developmentRegion = en;
			hasScannedForEncodings = 0;
			knownRegions = (
				en,
				Base,
			);
			mainGroup = 9925CF271FB30AA5004677EA;
			productRefGroup = 9925CF311FB30AA5004677EA /* Products */;
			projectDirPath = "";
			projectRoot = "";
			targets = (
				9925CF2F1FB30AA5004677EA /* QYSwiftTools */,
			);
		};
/* End PBXProject section */

/* Begin PBXResourcesBuildPhase section */
		9925CF2E1FB30AA5004677EA /* Resources */ = {
			isa = PBXResourcesBuildPhase;
			buildActionMask = 2147483647;
			files = (
				9925CF3E1FB30AA5004677EA /* LaunchScreen.storyboard in Resources */,
				9925CF3B1FB30AA5004677EA /* Assets.xcassets in Resources */,
				9925CF391FB30AA5004677EA /* Main.storyboard in Resources */,
			);
			runOnlyForDeploymentPostprocessing = 0;
		};
/* End PBXResourcesBuildPhase section */

/* Begin PBXSourcesBuildPhase section */
		9925CF2C1FB30AA5004677EA /* Sources */ = {
			isa = PBXSourcesBuildPhase;
			buildActionMask = 2147483647;
			files = (
				9925CF361FB30AA5004677EA /* ViewController.swift in Sources */,
				9925CF341FB30AA5004677EA /* AppDelegate.swift in Sources */,
			);
			runOnlyForDeploymentPostprocessing = 0;
		};
/* End PBXSourcesBuildPhase section */

/* Begin PBXVariantGroup section */
		9925CF371FB30AA5004677EA /* Main.storyboard */ = {
			isa = PBXVariantGroup;
			children = (
				9925CF381FB30AA5004677EA /* Base */,
			);
			name = Main.storyboard;
			sourceTree = "<group>";
		};
		9925CF3C1FB30AA5004677EA /* LaunchScreen.storyboard */ = {
			isa = PBXVariantGroup;
			children = (
				9925CF3D1FB30AA5004677EA /* Base */,
			);
			name = LaunchScreen.storyboard;
			sourceTree = "<group>";
		};
/* End PBXVariantGroup section */

/* Begin XCBuildConfiguration section */
		9925CF401FB30AA5004677EA /* Debug */ = {
			isa = XCBuildConfiguration;
			buildSettings = {
				ALWAYS_SEARCH_USER_PATHS = NO;
				CLANG_ANALYZER_NONNULL = YES;
				CLANG_ANALYZER_NUMBER_OBJECT_CONVERSION = YES_AGGRESSIVE;
				CLANG_CXX_LANGUAGE_STANDARD = "gnu++14";
				CLANG_CXX_LIBRARY = "libc++";
				CLANG_ENABLE_MODULES = YES;
				CLANG_ENABLE_OBJC_ARC = YES;
				CLANG_WARN_BLOCK_CAPTURE_AUTORELEASING = YES;
				CLANG_WARN_BOOL_CONVERSION = YES;
				CLANG_WARN_COMMA = YES;
				CLANG_WARN_CONSTANT_CONVERSION = YES;
				CLANG_WARN_DIRECT_OBJC_ISA_USAGE = YES_ERROR;
				CLANG_WARN_DOCUMENTATION_COMMENTS = YES;
				CLANG_WARN_EMPTY_BODY = YES;
				CLANG_WARN_ENUM_CONVERSION = YES;
				CLANG_WARN_INFINITE_RECURSION = YES;
				CLANG_WARN_INT_CONVERSION = YES;
				CLANG_WARN_NON_LITERAL_NULL_CONVERSION = YES;
				CLANG_WARN_OBJC_LITERAL_CONVERSION = YES;
				CLANG_WARN_OBJC_ROOT_CLASS = YES_ERROR;
				CLANG_WARN_RANGE_LOOP_ANALYSIS = YES;
				CLANG_WARN_STRICT_PROTOTYPES = YES;
				CLANG_WARN_SUSPICIOUS_MOVE = YES;
				CLANG_WARN_UNGUARDED_AVAILABILITY = YES_AGGRESSIVE;
				CLANG_WARN_UNREACHABLE_CODE = YES;
				CLANG_WARN__DUPLICATE_METHOD_MATCH = YES;
				CODE_SIGN_IDENTITY = "iPhone Developer";
				COPY_PHASE_STRIP = NO;
				DEBUG_INFORMATION_FORMAT = dwarf;
				ENABLE_STRICT_OBJC_MSGSEND = YES;
				ENABLE_TESTABILITY = YES;
				GCC_C_LANGUAGE_STANDARD = gnu11;
				GCC_DYNAMIC_NO_PIC = NO;
				GCC_NO_COMMON_BLOCKS = YES;
				GCC_OPTIMIZATION_LEVEL = 0;
				GCC_PREPROCESSOR_DEFINITIONS = (
					"DEBUG=1",
					"$(inherited)",
				);
				GCC_WARN_64_TO_32_BIT_CONVERSION = YES;
				GCC_WARN_ABOUT_RETURN_TYPE = YES_ERROR;
				GCC_WARN_UNDECLARED_SELECTOR = YES;
				GCC_WARN_UNINITIALIZED_AUTOS = YES_AGGRESSIVE;
				GCC_WARN_UNUSED_FUNCTION = YES;
				GCC_WARN_UNUSED_VARIABLE = YES;
				IPHONEOS_DEPLOYMENT_TARGET = 11.0;
				MTL_ENABLE_DEBUG_INFO = YES;
				ONLY_ACTIVE_ARCH = YES;
				SDKROOT = iphoneos;
				SWIFT_ACTIVE_COMPILATION_CONDITIONS = DEBUG;
				SWIFT_OPTIMIZATION_LEVEL = "-Onone";
			};
			name = Debug;
		};
		9925CF411FB30AA5004677EA /* Release */ = {
			isa = XCBuildConfiguration;
			buildSettings = {
				ALWAYS_SEARCH_USER_PATHS = NO;
				CLANG_ANALYZER_NONNULL = YES;
				CLANG_ANALYZER_NUMBER_OBJECT_CONVERSION = YES_AGGRESSIVE;
				CLANG_CXX_LANGUAGE_STANDARD = "gnu++14";
				CLANG_CXX_LIBRARY = "libc++";
				CLANG_ENABLE_MODULES = YES;
				CLANG_ENABLE_OBJC_ARC = YES;
				CLANG_WARN_BLOCK_CAPTURE_AUTORELEASING = YES;
				CLANG_WARN_BOOL_CONVERSION = YES;
				CLANG_WARN_COMMA = YES;
				CLANG_WARN_CONSTANT_CONVERSION = YES;
				CLANG_WARN_DIRECT_OBJC_ISA_USAGE = YES_ERROR;
				CLANG_WARN_DOCUMENTATION_COMMENTS = YES;
				CLANG_WARN_EMPTY_BODY = YES;
				CLANG_WARN_ENUM_CONVERSION = YES;
				CLANG_WARN_INFINITE_RECURSION = YES;
				CLANG_WARN_INT_CONVERSION = YES;
				CLANG_WARN_NON_LITERAL_NULL_CONVERSION = YES;
				CLANG_WARN_OBJC_LITERAL_CONVERSION = YES;
				CLANG_WARN_OBJC_ROOT_CLASS = YES_ERROR;
				CLANG_WARN_RANGE_LOOP_ANALYSIS = YES;
				CLANG_WARN_STRICT_PROTOTYPES = YES;
				CLANG_WARN_SUSPICIOUS_MOVE = YES;
				CLANG_WARN_UNGUARDED_AVAILABILITY = YES_AGGRESSIVE;
				CLANG_WARN_UNREACHABLE_CODE = YES;
				CLANG_WARN__DUPLICATE_METHOD_MATCH = YES;
				CODE_SIGN_IDENTITY = "iPhone Developer";
				COPY_PHASE_STRIP = NO;
				DEBUG_INFORMATION_FORMAT = "dwarf-with-dsym";
				ENABLE_NS_ASSERTIONS = NO;
				ENABLE_STRICT_OBJC_MSGSEND = YES;
				GCC_C_LANGUAGE_STANDARD = gnu11;
				GCC_NO_COMMON_BLOCKS = YES;
				GCC_WARN_64_TO_32_BIT_CONVERSION = YES;
				GCC_WARN_ABOUT_RETURN_TYPE = YES_ERROR;
				GCC_WARN_UNDECLARED_SELECTOR = YES;
				GCC_WARN_UNINITIALIZED_AUTOS = YES_AGGRESSIVE;
				GCC_WARN_UNUSED_FUNCTION = YES;
				GCC_WARN_UNUSED_VARIABLE = YES;
				IPHONEOS_DEPLOYMENT_TARGET = 11.0;
				MTL_ENABLE_DEBUG_INFO = NO;
				SDKROOT = iphoneos;
				SWIFT_OPTIMIZATION_LEVEL = "-Owholemodule";
				VALIDATE_PRODUCT = YES;
			};
			name = Release;
		};
		9925CF431FB30AA5004677EA /* Debug */ = {
			isa = XCBuildConfiguration;
			buildSettings = {
				ASSETCATALOG_COMPILER_APPICON_NAME = AppIcon;
				CODE_SIGN_STYLE = Automatic;
				DEVELOPMENT_TEAM = FUT47GAT5A;
				INFOPLIST_FILE = QYSwiftTools/Info.plist;
				LD_RUNPATH_SEARCH_PATHS = "$(inherited) @executable_path/Frameworks";
				PRODUCT_BUNDLE_IDENTIFIER = "com.zhangqingyu12-126.QYSwiftTools";
				PRODUCT_NAME = "$(TARGET_NAME)";
				SWIFT_VERSION = 4.0;
				TARGETED_DEVICE_FAMILY = "1,2";
			};
			name = Debug;
		};
		9925CF441FB30AA5004677EA /* Release */ = {
			isa = XCBuildConfiguration;
			buildSettings = {
				ASSETCATALOG_COMPILER_APPICON_NAME = AppIcon;
				CODE_SIGN_STYLE = Automatic;
				DEVELOPMENT_TEAM = FUT47GAT5A;
				INFOPLIST_FILE = QYSwiftTools/Info.plist;
				LD_RUNPATH_SEARCH_PATHS = "$(inherited) @executable_path/Frameworks";
				PRODUCT_BUNDLE_IDENTIFIER = "com.zhangqingyu12-126.QYSwiftTools";
				PRODUCT_NAME = "$(TARGET_NAME)";
				SWIFT_VERSION = 4.0;
				TARGETED_DEVICE_FAMILY = "1,2";
			};
			name = Release;
		};
/* End XCBuildConfiguration section */

/* Begin XCConfigurationList section */
		9925CF2B1FB30AA5004677EA /* Build configuration list for PBXProject "QYSwiftTools" */ = {
			isa = XCConfigurationList;
			buildConfigurations = (
				9925CF401FB30AA5004677EA /* Debug */,
				9925CF411FB30AA5004677EA /* Release */,
			);
			defaultConfigurationIsVisible = 0;
			defaultConfigurationName = Release;
		};
		9925CF421FB30AA5004677EA /* Build configuration list for PBXNativeTarget "QYSwiftTools" */ = {
			isa = XCConfigurationList;
			buildConfigurations = (
				9925CF431FB30AA5004677EA /* Debug */,
				9925CF441FB30AA5004677EA /* Release */,
			);
			defaultConfigurationIsVisible = 0;
			defaultConfigurationName = Release;
		};
/* End XCConfigurationList section */
	};
	rootObject = 9925CF281FB30AA5004677EA /* Project object */;
}
